// !$*UTF8*$!
{
	archiveVersion = 1;
	classes = {
	};
	objectVersion = 50;
	objects = {

/* Begin PBXBuildFile section */
		D47FD594253EFA560000D69E /* AppDelegate.swift in Sources */ = {isa = PBXBuildFile; fileRef = D47FD593253EFA560000D69E /* AppDelegate.swift */; };
		D47FD598253EFA560000D69E /* ViewController.swift in Sources */ = {isa = PBXBuildFile; fileRef = D47FD597253EFA560000D69E /* ViewController.swift */; };
		D47FD59B253EFA560000D69E /* Main.storyboard in Resources */ = {isa = PBXBuildFile; fileRef = D47FD599253EFA560000D69E /* Main.storyboard */; };
		D47FD59D253EFA580000D69E /* Assets.xcassets in Resources */ = {isa = PBXBuildFile; fileRef = D47FD59C253EFA580000D69E /* Assets.xcassets */; };
		D47FD5A0253EFA580000D69E /* LaunchScreen.storyboard in Resources */ = {isa = PBXBuildFile; fileRef = D47FD59E253EFA580000D69E /* LaunchScreen.storyboard */; };
		D47FD814253FC5280000D69E /* ESPBluefi.h in Headers */ = {isa = PBXBuildFile; fileRef = D47FD812253FC5280000D69E /* ESPBluefi.h */; settings = {ATTRIBUTES = (Public, ); }; };
		D47FD882253FC54A0000D69E /* BlufiConstants.m in Sources */ = {isa = PBXBuildFile; fileRef = D47FD81A253FC54A0000D69E /* BlufiConstants.m */; };
		D47FD883253FC54A0000D69E /* BlufiClient.m in Sources */ = {isa = PBXBuildFile; fileRef = D47FD81B253FC54A0000D69E /* BlufiClient.m */; };
		D47FD884253FC54A0000D69E /* BlufiVersionResponse.m in Sources */ = {isa = PBXBuildFile; fileRef = D47FD81C253FC54A0000D69E /* BlufiVersionResponse.m */; };
		D47FD885253FC54A0000D69E /* BlufiStatusResponse.m in Sources */ = {isa = PBXBuildFile; fileRef = D47FD81D253FC54A0000D69E /* BlufiStatusResponse.m */; };
		D47FD886253FC54A0000D69E /* BlufiScanResponse.m in Sources */ = {isa = PBXBuildFile; fileRef = D47FD81E253FC54A0000D69E /* BlufiScanResponse.m */; };
		D47FD887253FC54A0000D69E /* BlufiConfigureParams.m in Sources */ = {isa = PBXBuildFile; fileRef = D47FD81F253FC54A0000D69E /* BlufiConfigureParams.m */; };
		D47FD888253FC54A0000D69E /* BlufiStatusResponse.h in Headers */ = {isa = PBXBuildFile; fileRef = D47FD820253FC54A0000D69E /* BlufiStatusResponse.h */; };
		D47FD889253FC54A0000D69E /* BlufiVersionResponse.h in Headers */ = {isa = PBXBuildFile; fileRef = D47FD821253FC54A0000D69E /* BlufiVersionResponse.h */; };
		D47FD88A253FC54A0000D69E /* BlufiSecurity.h in Headers */ = {isa = PBXBuildFile; fileRef = D47FD823253FC54A0000D69E /* BlufiSecurity.h */; };
		D47FD88B253FC54A0000D69E /* BlufiDH.h in Headers */ = {isa = PBXBuildFile; fileRef = D47FD824253FC54A0000D69E /* BlufiDH.h */; };
		D47FD88C253FC54A0000D69E /* BlufiSecurity.m in Sources */ = {isa = PBXBuildFile; fileRef = D47FD825253FC54A0000D69E /* BlufiSecurity.m */; };
		D47FD88D253FC54A0000D69E /* libcrypto.a in Frameworks */ = {isa = PBXBuildFile; fileRef = D47FD827253FC54A0000D69E /* libcrypto.a */; };
		D47FD88E253FC54A0000D69E /* LICENSE in Resources */ = {isa = PBXBuildFile; fileRef = D47FD829253FC54A0000D69E /* LICENSE */; };
		D47FD88F253FC54A0000D69E /* pem2.h in Headers */ = {isa = PBXBuildFile; fileRef = D47FD82B253FC54A0000D69E /* pem2.h */; };
		D47FD890253FC54A0000D69E /* pem.h in Headers */ = {isa = PBXBuildFile; fileRef = D47FD82C253FC54A0000D69E /* pem.h */; };
		D47FD891253FC54A0000D69E /* ssl3.h in Headers */ = {isa = PBXBuildFile; fileRef = D47FD82D253FC54A0000D69E /* ssl3.h */; };
		D47FD892253FC54A0000D69E /* ossl_typ.h in Headers */ = {isa = PBXBuildFile; fileRef = D47FD82E253FC54A0000D69E /* ossl_typ.h */; };
		D47FD893253FC54A0000D69E /* dtls1.h in Headers */ = {isa = PBXBuildFile; fileRef = D47FD82F253FC54A0000D69E /* dtls1.h */; };
		D47FD894253FC54A0000D69E /* err.h in Headers */ = {isa = PBXBuildFile; fileRef = D47FD830253FC54A0000D69E /* err.h */; };
		D47FD895253FC54A0000D69E /* bn.h in Headers */ = {isa = PBXBuildFile; fileRef = D47FD831253FC54A0000D69E /* bn.h */; };
		D47FD896253FC54A0000D69E /* blowfish.h in Headers */ = {isa = PBXBuildFile; fileRef = D47FD832253FC54A0000D69E /* blowfish.h */; };
		D47FD897253FC54A0000D69E /* cms.h in Headers */ = {isa = PBXBuildFile; fileRef = D47FD833253FC54A0000D69E /* cms.h */; };
		D47FD898253FC54A0000D69E /* engine.h in Headers */ = {isa = PBXBuildFile; fileRef = D47FD834253FC54A0000D69E /* engine.h */; };
		D47FD899253FC54A0000D69E /* conf_api.h in Headers */ = {isa = PBXBuildFile; fileRef = D47FD835253FC54A0000D69E /* conf_api.h */; };
		D47FD89A253FC54A0000D69E /* x509.h in Headers */ = {isa = PBXBuildFile; fileRef = D47FD836253FC54A0000D69E /* x509.h */; };
		D47FD89B253FC54A0000D69E /* asn1_mac.h in Headers */ = {isa = PBXBuildFile; fileRef = D47FD837253FC54A0000D69E /* asn1_mac.h */; };
		D47FD89C253FC54A0000D69E /* ui.h in Headers */ = {isa = PBXBuildFile; fileRef = D47FD838253FC54A0000D69E /* ui.h */; };
		D47FD89D253FC54A0000D69E /* kssl.h in Headers */ = {isa = PBXBuildFile; fileRef = D47FD839253FC54A0000D69E /* kssl.h */; };
		D47FD89E253FC54A0000D69E /* sha.h in Headers */ = {isa = PBXBuildFile; fileRef = D47FD83A253FC54A0000D69E /* sha.h */; };
		D47FD89F253FC54A0000D69E /* symhacks.h in Headers */ = {isa = PBXBuildFile; fileRef = D47FD83B253FC54A0000D69E /* symhacks.h */; };
		D47FD8A0253FC54A0000D69E /* asn1.h in Headers */ = {isa = PBXBuildFile; fileRef = D47FD83C253FC54A0000D69E /* asn1.h */; };
		D47FD8A1253FC54A0000D69E /* opensslconf.h in Headers */ = {isa = PBXBuildFile; fileRef = D47FD83D253FC54A0000D69E /* opensslconf.h */; };
		D47FD8A2253FC54A0000D69E /* bio.h in Headers */ = {isa = PBXBuildFile; fileRef = D47FD83E253FC54A0000D69E /* bio.h */; };
		D47FD8A3253FC54A0000D69E /* rc2.h in Headers */ = {isa = PBXBuildFile; fileRef = D47FD83F253FC54A0000D69E /* rc2.h */; };
		D47FD8A4253FC54A0000D69E /* dh.h in Headers */ = {isa = PBXBuildFile; fileRef = D47FD840253FC54A0000D69E /* dh.h */; };
		D47FD8A5253FC54A0000D69E /* ui_compat.h in Headers */ = {isa = PBXBuildFile; fileRef = D47FD841253FC54A0000D69E /* ui_compat.h */; };
		D47FD8A6253FC54A0000D69E /* x509v3.h in Headers */ = {isa = PBXBuildFile; fileRef = D47FD842253FC54A0000D69E /* x509v3.h */; };
		D47FD8A7253FC54A0000D69E /* ssl23.h in Headers */ = {isa = PBXBuildFile; fileRef = D47FD843253FC54A0000D69E /* ssl23.h */; };
		D47FD8A8253FC54A0000D69E /* conf.h in Headers */ = {isa = PBXBuildFile; fileRef = D47FD844253FC54A0000D69E /* conf.h */; };
		D47FD8A9253FC54A0000D69E /* md5.h in Headers */ = {isa = PBXBuildFile; fileRef = D47FD845253FC54A0000D69E /* md5.h */; };
		D47FD8AA253FC54A0000D69E /* x509_vfy.h in Headers */ = {isa = PBXBuildFile; fileRef = D47FD846253FC54A0000D69E /* x509_vfy.h */; };
		D47FD8AB253FC54A0000D69E /* txt_db.h in Headers */ = {isa = PBXBuildFile; fileRef = D47FD847253FC54A0000D69E /* txt_db.h */; };
		D47FD8AC253FC54A0000D69E /* safestack.h in Headers */ = {isa = PBXBuildFile; fileRef = D47FD848253FC54A0000D69E /* safestack.h */; };
		D47FD8AD253FC54A0000D69E /* ecdsa.h in Headers */ = {isa = PBXBuildFile; fileRef = D47FD849253FC54A0000D69E /* ecdsa.h */; };
		D47FD8AE253FC54A0000D69E /* objects.h in Headers */ = {isa = PBXBuildFile; fileRef = D47FD84A253FC54A0000D69E /* objects.h */; };
		D47FD8AF253FC54A0000D69E /* pkcs12.h in Headers */ = {isa = PBXBuildFile; fileRef = D47FD84B253FC54A0000D69E /* pkcs12.h */; };
		D47FD8B0253FC54A0000D69E /* crypto.h in Headers */ = {isa = PBXBuildFile; fileRef = D47FD84C253FC54A0000D69E /* crypto.h */; };
		D47FD8B1253FC54A0000D69E /* opensslv.h in Headers */ = {isa = PBXBuildFile; fileRef = D47FD84D253FC54A0000D69E /* opensslv.h */; };
		D47FD8B2253FC54A0000D69E /* pkcs7.h in Headers */ = {isa = PBXBuildFile; fileRef = D47FD84E253FC54A0000D69E /* pkcs7.h */; };
		D47FD8B3253FC54A0000D69E /* obj_mac.h in Headers */ = {isa = PBXBuildFile; fileRef = D47FD84F253FC54A0000D69E /* obj_mac.h */; };
		D47FD8B4253FC54A0000D69E /* buffer.h in Headers */ = {isa = PBXBuildFile; fileRef = D47FD850253FC54A0000D69E /* buffer.h */; };
		D47FD8B5253FC54A0000D69E /* ssl.h in Headers */ = {isa = PBXBuildFile; fileRef = D47FD851253FC54A0000D69E /* ssl.h */; };
		D47FD8B6253FC54A0000D69E /* srp.h in Headers */ = {isa = PBXBuildFile; fileRef = D47FD852253FC54A0000D69E /* srp.h */; };
		D47FD8B7253FC54A0000D69E /* camellia.h in Headers */ = {isa = PBXBuildFile; fileRef = D47FD853253FC54A0000D69E /* camellia.h */; };
		D47FD8B8253FC54A0000D69E /* evp.h in Headers */ = {isa = PBXBuildFile; fileRef = D47FD854253FC54A0000D69E /* evp.h */; };
		D47FD8B9253FC54A0000D69E /* e_os2.h in Headers */ = {isa = PBXBuildFile; fileRef = D47FD855253FC54A0000D69E /* e_os2.h */; };
		D47FD8BA253FC54A0000D69E /* md4.h in Headers */ = {isa = PBXBuildFile; fileRef = D47FD856253FC54A0000D69E /* md4.h */; };
		D47FD8BB253FC54A0000D69E /* hmac.h in Headers */ = {isa = PBXBuildFile; fileRef = D47FD857253FC54A0000D69E /* hmac.h */; };
		D47FD8BC253FC54A0000D69E /* aes.h in Headers */ = {isa = PBXBuildFile; fileRef = D47FD858253FC54A0000D69E /* aes.h */; };
		D47FD8BD253FC54A0000D69E /* comp.h in Headers */ = {isa = PBXBuildFile; fileRef = D47FD859253FC54A0000D69E /* comp.h */; };
		D47FD8BE253FC54A0000D69E /* cast.h in Headers */ = {isa = PBXBuildFile; fileRef = D47FD85A253FC54A0000D69E /* cast.h */; };
		D47FD8BF253FC54A0000D69E /* rc4.h in Headers */ = {isa = PBXBuildFile; fileRef = D47FD85B253FC54A0000D69E /* rc4.h */; };
		D47FD8C0253FC54A0000D69E /* stack.h in Headers */ = {isa = PBXBuildFile; fileRef = D47FD85C253FC54A0000D69E /* stack.h */; };
		D47FD8C1253FC54A0000D69E /* des.h in Headers */ = {isa = PBXBuildFile; fileRef = D47FD85D253FC54A0000D69E /* des.h */; };
		D47FD8C2253FC54A0000D69E /* ocsp.h in Headers */ = {isa = PBXBuildFile; fileRef = D47FD85E253FC54A0000D69E /* ocsp.h */; };
		D47FD8C3253FC54A0000D69E /* ec.h in Headers */ = {isa = PBXBuildFile; fileRef = D47FD85F253FC54A0000D69E /* ec.h */; };
		D47FD8C4253FC54A0000D69E /* ecdh.h in Headers */ = {isa = PBXBuildFile; fileRef = D47FD860253FC54A0000D69E /* ecdh.h */; };
		D47FD8C5253FC54A0000D69E /* rand.h in Headers */ = {isa = PBXBuildFile; fileRef = D47FD861253FC54A0000D69E /* rand.h */; };
		D47FD8C6253FC54A0000D69E /* ts.h in Headers */ = {isa = PBXBuildFile; fileRef = D47FD862253FC54A0000D69E /* ts.h */; };
		D47FD8C7253FC54A0000D69E /* pqueue.h in Headers */ = {isa = PBXBuildFile; fileRef = D47FD863253FC54A0000D69E /* pqueue.h */; };
		D47FD8C8253FC54A0000D69E /* dso.h in Headers */ = {isa = PBXBuildFile; fileRef = D47FD864253FC54A0000D69E /* dso.h */; };
		D47FD8C9253FC54A0000D69E /* seed.h in Headers */ = {isa = PBXBuildFile; fileRef = D47FD865253FC54A0000D69E /* seed.h */; };
		D47FD8CA253FC54A0000D69E /* modes.h in Headers */ = {isa = PBXBuildFile; fileRef = D47FD866253FC54A0000D69E /* modes.h */; };
		D47FD8CB253FC54A0000D69E /* ssl2.h in Headers */ = {isa = PBXBuildFile; fileRef = D47FD867253FC54A0000D69E /* ssl2.h */; };
		D47FD8CC253FC54A0000D69E /* rsa.h in Headers */ = {isa = PBXBuildFile; fileRef = D47FD868253FC54A0000D69E /* rsa.h */; };
		D47FD8CD253FC54A0000D69E /* krb5_asn.h in Headers */ = {isa = PBXBuildFile; fileRef = D47FD869253FC54A0000D69E /* krb5_asn.h */; };
		D47FD8CE253FC54A0000D69E /* des_old.h in Headers */ = {isa = PBXBuildFile; fileRef = D47FD86A253FC54A0000D69E /* des_old.h */; };
		D47FD8CF253FC54A0000D69E /* ripemd.h in Headers */ = {isa = PBXBuildFile; fileRef = D47FD86B253FC54A0000D69E /* ripemd.h */; };
		D47FD8D0253FC54A0000D69E /* whrlpool.h in Headers */ = {isa = PBXBuildFile; fileRef = D47FD86C253FC54A0000D69E /* whrlpool.h */; };
		D47FD8D1253FC54A0000D69E /* tls1.h in Headers */ = {isa = PBXBuildFile; fileRef = D47FD86D253FC54A0000D69E /* tls1.h */; };
		D47FD8D2253FC54A0000D69E /* mdc2.h in Headers */ = {isa = PBXBuildFile; fileRef = D47FD86E253FC54A0000D69E /* mdc2.h */; };
		D47FD8D3253FC54A0000D69E /* dsa.h in Headers */ = {isa = PBXBuildFile; fileRef = D47FD86F253FC54A0000D69E /* dsa.h */; };
		D47FD8D4253FC54A0000D69E /* srtp.h in Headers */ = {isa = PBXBuildFile; fileRef = D47FD870253FC54A0000D69E /* srtp.h */; };
		D47FD8D5253FC54A0000D69E /* asn1t.h in Headers */ = {isa = PBXBuildFile; fileRef = D47FD871253FC54A0000D69E /* asn1t.h */; };
		D47FD8D6253FC54A0000D69E /* cmac.h in Headers */ = {isa = PBXBuildFile; fileRef = D47FD872253FC54A0000D69E /* cmac.h */; };
		D47FD8D7253FC54A0000D69E /* ebcdic.h in Headers */ = {isa = PBXBuildFile; fileRef = D47FD873253FC54A0000D69E /* ebcdic.h */; };
		D47FD8D8253FC54A0000D69E /* idea.h in Headers */ = {isa = PBXBuildFile; fileRef = D47FD874253FC54A0000D69E /* idea.h */; };
		D47FD8D9253FC54A0000D69E /* lhash.h in Headers */ = {isa = PBXBuildFile; fileRef = D47FD875253FC54A0000D69E /* lhash.h */; };
		D47FD8DA253FC54A0000D69E /* libssl.a in Frameworks */ = {isa = PBXBuildFile; fileRef = D47FD876253FC54A0000D69E /* libssl.a */; };
		D47FD8DB253FC54A0000D69E /* BlufiDH.m in Sources */ = {isa = PBXBuildFile; fileRef = D47FD877253FC54A0000D69E /* BlufiDH.m */; };
		D47FD8DC253FC54A0000D69E /* BlufiConfigureParams.h in Headers */ = {isa = PBXBuildFile; fileRef = D47FD878253FC54A0000D69E /* BlufiConfigureParams.h */; };
		D47FD8DD253FC54A0000D69E /* BlufiScanResponse.h in Headers */ = {isa = PBXBuildFile; fileRef = D47FD879253FC54A0000D69E /* BlufiScanResponse.h */; };
		D47FD8DE253FC54A0000D69E /* BlufiConstants.h in Headers */ = {isa = PBXBuildFile; fileRef = D47FD87A253FC54A0000D69E /* BlufiConstants.h */; };
		D47FD8DF253FC54A0000D69E /* BlufiClient.h in Headers */ = {isa = PBXBuildFile; fileRef = D47FD87B253FC54A0000D69E /* BlufiClient.h */; };
		D47FD8E0253FC54A0000D69E /* ESPHeaderFiles.h in Headers */ = {isa = PBXBuildFile; fileRef = D47FD87C253FC54A0000D69E /* ESPHeaderFiles.h */; };
		D47FD8E1253FC54A0000D69E /* BlufiFrameCtrlData.h in Headers */ = {isa = PBXBuildFile; fileRef = D47FD87E253FC54A0000D69E /* BlufiFrameCtrlData.h */; };
		D47FD8E2253FC54A0000D69E /* BlufiNotifyData.m in Sources */ = {isa = PBXBuildFile; fileRef = D47FD87F253FC54A0000D69E /* BlufiNotifyData.m */; };
		D47FD8E3253FC54A0000D69E /* BlufiFrameCtrlData.m in Sources */ = {isa = PBXBuildFile; fileRef = D47FD880253FC54A0000D69E /* BlufiFrameCtrlData.m */; };
		D47FD8E4253FC54A0000D69E /* BlufiNotifyData.h in Headers */ = {isa = PBXBuildFile; fileRef = D47FD881253FC54A0000D69E /* BlufiNotifyData.h */; };
		D47FD8EC253FC5590000D69E /* ESPDataConversion.m in Sources */ = {isa = PBXBuildFile; fileRef = D47FD8E6253FC5590000D69E /* ESPDataConversion.m */; };
		D47FD8ED253FC5590000D69E /* ESPPeripheral.m in Sources */ = {isa = PBXBuildFile; fileRef = D47FD8E7253FC5590000D69E /* ESPPeripheral.m */; };
		D47FD8EE253FC5590000D69E /* ESPFBYBLEHelper.m in Sources */ = {isa = PBXBuildFile; fileRef = D47FD8E8253FC5590000D69E /* ESPFBYBLEHelper.m */; };
		D47FD8EF253FC5590000D69E /* ESPPeripheral.h in Headers */ = {isa = PBXBuildFile; fileRef = D47FD8E9253FC5590000D69E /* ESPPeripheral.h */; };
		D47FD8F0253FC5590000D69E /* ESPDataConversion.h in Headers */ = {isa = PBXBuildFile; fileRef = D47FD8EA253FC5590000D69E /* ESPDataConversion.h */; };
		D47FD8F1253FC5590000D69E /* ESPFBYBLEHelper.h in Headers */ = {isa = PBXBuildFile; fileRef = D47FD8EB253FC5590000D69E /* ESPFBYBLEHelper.h */; };
/* End PBXBuildFile section */

/* Begin PBXCopyFilesBuildPhase section */
		D47FD743253EFB470000D69E /* Embed Frameworks */ = {
			isa = PBXCopyFilesBuildPhase;
			buildActionMask = 2147483647;
			dstPath = "";
			dstSubfolderSpec = 10;
			files = (
			);
			name = "Embed Frameworks";
			runOnlyForDeploymentPostprocessing = 0;
		};
/* End PBXCopyFilesBuildPhase section */

/* Begin PBXFileReference section */
		D47FD591253EFA560000D69E /* ESPBluefiSample.app */ = {isa = PBXFileReference; explicitFileType = wrapper.application; includeInIndex = 0; path = ESPBluefiSample.app; sourceTree = BUILT_PRODUCTS_DIR; };
		D47FD593253EFA560000D69E /* AppDelegate.swift */ = {isa = PBXFileReference; lastKnownFileType = sourcecode.swift; path = AppDelegate.swift; sourceTree = "<group>"; };
		D47FD597253EFA560000D69E /* ViewController.swift */ = {isa = PBXFileReference; lastKnownFileType = sourcecode.swift; path = ViewController.swift; sourceTree = "<group>"; };
		D47FD59A253EFA560000D69E /* Base */ = {isa = PBXFileReference; lastKnownFileType = file.storyboard; name = Base; path = Base.lproj/Main.storyboard; sourceTree = "<group>"; };
		D47FD59C253EFA580000D69E /* Assets.xcassets */ = {isa = PBXFileReference; lastKnownFileType = folder.assetcatalog; path = Assets.xcassets; sourceTree = "<group>"; };
		D47FD59F253EFA580000D69E /* Base */ = {isa = PBXFileReference; lastKnownFileType = file.storyboard; name = Base; path = Base.lproj/LaunchScreen.storyboard; sourceTree = "<group>"; };
		D47FD5A1253EFA580000D69E /* Info.plist */ = {isa = PBXFileReference; lastKnownFileType = text.plist.xml; path = Info.plist; sourceTree = "<group>"; };
		D47FD810253FC5280000D69E /* ESPBluefi.framework */ = {isa = PBXFileReference; explicitFileType = wrapper.framework; includeInIndex = 0; path = ESPBluefi.framework; sourceTree = BUILT_PRODUCTS_DIR; };
		D47FD812253FC5280000D69E /* ESPBluefi.h */ = {isa = PBXFileReference; lastKnownFileType = sourcecode.c.h; path = ESPBluefi.h; sourceTree = "<group>"; };
		D47FD813253FC5280000D69E /* Info.plist */ = {isa = PBXFileReference; lastKnownFileType = text.plist.xml; path = Info.plist; sourceTree = "<group>"; };
		D47FD81A253FC54A0000D69E /* BlufiConstants.m */ = {isa = PBXFileReference; fileEncoding = 4; lastKnownFileType = sourcecode.c.objc; path = BlufiConstants.m; sourceTree = "<group>"; };
		D47FD81B253FC54A0000D69E /* BlufiClient.m */ = {isa = PBXFileReference; fileEncoding = 4; lastKnownFileType = sourcecode.c.objc; path = BlufiClient.m; sourceTree = "<group>"; };
		D47FD81C253FC54A0000D69E /* BlufiVersionResponse.m */ = {isa = PBXFileReference; fileEncoding = 4; lastKnownFileType = sourcecode.c.objc; path = BlufiVersionResponse.m; sourceTree = "<group>"; };
		D47FD81D253FC54A0000D69E /* BlufiStatusResponse.m */ = {isa = PBXFileReference; fileEncoding = 4; lastKnownFileType = sourcecode.c.objc; path = BlufiStatusResponse.m; sourceTree = "<group>"; };
		D47FD81E253FC54A0000D69E /* BlufiScanResponse.m */ = {isa = PBXFileReference; fileEncoding = 4; lastKnownFileType = sourcecode.c.objc; path = BlufiScanResponse.m; sourceTree = "<group>"; };
		D47FD81F253FC54A0000D69E /* BlufiConfigureParams.m */ = {isa = PBXFileReference; fileEncoding = 4; lastKnownFileType = sourcecode.c.objc; path = BlufiConfigureParams.m; sourceTree = "<group>"; };
		D47FD820253FC54A0000D69E /* BlufiStatusResponse.h */ = {isa = PBXFileReference; fileEncoding = 4; lastKnownFileType = sourcecode.c.h; path = BlufiStatusResponse.h; sourceTree = "<group>"; };
		D47FD821253FC54A0000D69E /* BlufiVersionResponse.h */ = {isa = PBXFileReference; fileEncoding = 4; lastKnownFileType = sourcecode.c.h; path = BlufiVersionResponse.h; sourceTree = "<group>"; };
		D47FD823253FC54A0000D69E /* BlufiSecurity.h */ = {isa = PBXFileReference; fileEncoding = 4; lastKnownFileType = sourcecode.c.h; path = BlufiSecurity.h; sourceTree = "<group>"; };
		D47FD824253FC54A0000D69E /* BlufiDH.h */ = {isa = PBXFileReference; fileEncoding = 4; lastKnownFileType = sourcecode.c.h; path = BlufiDH.h; sourceTree = "<group>"; };
		D47FD825253FC54A0000D69E /* BlufiSecurity.m */ = {isa = PBXFileReference; fileEncoding = 4; lastKnownFileType = sourcecode.c.objc; path = BlufiSecurity.m; sourceTree = "<group>"; };
		D47FD827253FC54A0000D69E /* libcrypto.a */ = {isa = PBXFileReference; lastKnownFileType = archive.ar; path = libcrypto.a; sourceTree = "<group>"; };
		D47FD829253FC54A0000D69E /* LICENSE */ = {isa = PBXFileReference; fileEncoding = 4; lastKnownFileType = text; path = LICENSE; sourceTree = "<group>"; };
		D47FD82B253FC54A0000D69E /* pem2.h */ = {isa = PBXFileReference; fileEncoding = 4; lastKnownFileType = sourcecode.c.h; path = pem2.h; sourceTree = "<group>"; };
		D47FD82C253FC54A0000D69E /* pem.h */ = {isa = PBXFileReference; fileEncoding = 4; lastKnownFileType = sourcecode.c.h; path = pem.h; sourceTree = "<group>"; };
		D47FD82D253FC54A0000D69E /* ssl3.h */ = {isa = PBXFileReference; fileEncoding = 4; lastKnownFileType = sourcecode.c.h; path = ssl3.h; sourceTree = "<group>"; };
		D47FD82E253FC54A0000D69E /* ossl_typ.h */ = {isa = PBXFileReference; fileEncoding = 4; lastKnownFileType = sourcecode.c.h; path = ossl_typ.h; sourceTree = "<group>"; };
		D47FD82F253FC54A0000D69E /* dtls1.h */ = {isa = PBXFileReference; fileEncoding = 4; lastKnownFileType = sourcecode.c.h; path = dtls1.h; sourceTree = "<group>"; };
		D47FD830253FC54A0000D69E /* err.h */ = {isa = PBXFileReference; fileEncoding = 4; lastKnownFileType = sourcecode.c.h; path = err.h; sourceTree = "<group>"; };
		D47FD831253FC54A0000D69E /* bn.h */ = {isa = PBXFileReference; fileEncoding = 4; lastKnownFileType = sourcecode.c.h; path = bn.h; sourceTree = "<group>"; };
		D47FD832253FC54A0000D69E /* blowfish.h */ = {isa = PBXFileReference; fileEncoding = 4; lastKnownFileType = sourcecode.c.h; path = blowfish.h; sourceTree = "<group>"; };
		D47FD833253FC54A0000D69E /* cms.h */ = {isa = PBXFileReference; fileEncoding = 4; lastKnownFileType = sourcecode.c.h; path = cms.h; sourceTree = "<group>"; };
		D47FD834253FC54A0000D69E /* engine.h */ = {isa = PBXFileReference; fileEncoding = 4; lastKnownFileType = sourcecode.c.h; path = engine.h; sourceTree = "<group>"; };
		D47FD835253FC54A0000D69E /* conf_api.h */ = {isa = PBXFileReference; fileEncoding = 4; lastKnownFileType = sourcecode.c.h; path = conf_api.h; sourceTree = "<group>"; };
		D47FD836253FC54A0000D69E /* x509.h */ = {isa = PBXFileReference; fileEncoding = 4; lastKnownFileType = sourcecode.c.h; path = x509.h; sourceTree = "<group>"; };
		D47FD837253FC54A0000D69E /* asn1_mac.h */ = {isa = PBXFileReference; fileEncoding = 4; lastKnownFileType = sourcecode.c.h; path = asn1_mac.h; sourceTree = "<group>"; };
		D47FD838253FC54A0000D69E /* ui.h */ = {isa = PBXFileReference; fileEncoding = 4; lastKnownFileType = sourcecode.c.h; path = ui.h; sourceTree = "<group>"; };
		D47FD839253FC54A0000D69E /* kssl.h */ = {isa = PBXFileReference; fileEncoding = 4; lastKnownFileType = sourcecode.c.h; path = kssl.h; sourceTree = "<group>"; };
		D47FD83A253FC54A0000D69E /* sha.h */ = {isa = PBXFileReference; fileEncoding = 4; lastKnownFileType = sourcecode.c.h; path = sha.h; sourceTree = "<group>"; };
		D47FD83B253FC54A0000D69E /* symhacks.h */ = {isa = PBXFileReference; fileEncoding = 4; lastKnownFileType = sourcecode.c.h; path = symhacks.h; sourceTree = "<group>"; };
		D47FD83C253FC54A0000D69E /* asn1.h */ = {isa = PBXFileReference; fileEncoding = 4; lastKnownFileType = sourcecode.c.h; path = asn1.h; sourceTree = "<group>"; };
		D47FD83D253FC54A0000D69E /* opensslconf.h */ = {isa = PBXFileReference; fileEncoding = 4; lastKnownFileType = sourcecode.c.h; path = opensslconf.h; sourceTree = "<group>"; };
		D47FD83E253FC54A0000D69E /* bio.h */ = {isa = PBXFileReference; fileEncoding = 4; lastKnownFileType = sourcecode.c.h; path = bio.h; sourceTree = "<group>"; };
		D47FD83F253FC54A0000D69E /* rc2.h */ = {isa = PBXFileReference; fileEncoding = 4; lastKnownFileType = sourcecode.c.h; path = rc2.h; sourceTree = "<group>"; };
		D47FD840253FC54A0000D69E /* dh.h */ = {isa = PBXFileReference; fileEncoding = 4; lastKnownFileType = sourcecode.c.h; path = dh.h; sourceTree = "<group>"; };
		D47FD841253FC54A0000D69E /* ui_compat.h */ = {isa = PBXFileReference; fileEncoding = 4; lastKnownFileType = sourcecode.c.h; path = ui_compat.h; sourceTree = "<group>"; };
		D47FD842253FC54A0000D69E /* x509v3.h */ = {isa = PBXFileReference; fileEncoding = 4; lastKnownFileType = sourcecode.c.h; path = x509v3.h; sourceTree = "<group>"; };
		D47FD843253FC54A0000D69E /* ssl23.h */ = {isa = PBXFileReference; fileEncoding = 4; lastKnownFileType = sourcecode.c.h; path = ssl23.h; sourceTree = "<group>"; };
		D47FD844253FC54A0000D69E /* conf.h */ = {isa = PBXFileReference; fileEncoding = 4; lastKnownFileType = sourcecode.c.h; path = conf.h; sourceTree = "<group>"; };
		D47FD845253FC54A0000D69E /* md5.h */ = {isa = PBXFileReference; fileEncoding = 4; lastKnownFileType = sourcecode.c.h; path = md5.h; sourceTree = "<group>"; };
		D47FD846253FC54A0000D69E /* x509_vfy.h */ = {isa = PBXFileReference; fileEncoding = 4; lastKnownFileType = sourcecode.c.h; path = x509_vfy.h; sourceTree = "<group>"; };
		D47FD847253FC54A0000D69E /* txt_db.h */ = {isa = PBXFileReference; fileEncoding = 4; lastKnownFileType = sourcecode.c.h; path = txt_db.h; sourceTree = "<group>"; };
		D47FD848253FC54A0000D69E /* safestack.h */ = {isa = PBXFileReference; fileEncoding = 4; lastKnownFileType = sourcecode.c.h; path = safestack.h; sourceTree = "<group>"; };
		D47FD849253FC54A0000D69E /* ecdsa.h */ = {isa = PBXFileReference; fileEncoding = 4; lastKnownFileType = sourcecode.c.h; path = ecdsa.h; sourceTree = "<group>"; };
		D47FD84A253FC54A0000D69E /* objects.h */ = {isa = PBXFileReference; fileEncoding = 4; lastKnownFileType = sourcecode.c.h; path = objects.h; sourceTree = "<group>"; };
		D47FD84B253FC54A0000D69E /* pkcs12.h */ = {isa = PBXFileReference; fileEncoding = 4; lastKnownFileType = sourcecode.c.h; path = pkcs12.h; sourceTree = "<group>"; };
		D47FD84C253FC54A0000D69E /* crypto.h */ = {isa = PBXFileReference; fileEncoding = 4; lastKnownFileType = sourcecode.c.h; path = crypto.h; sourceTree = "<group>"; };
		D47FD84D253FC54A0000D69E /* opensslv.h */ = {isa = PBXFileReference; fileEncoding = 4; lastKnownFileType = sourcecode.c.h; path = opensslv.h; sourceTree = "<group>"; };
		D47FD84E253FC54A0000D69E /* pkcs7.h */ = {isa = PBXFileReference; fileEncoding = 4; lastKnownFileType = sourcecode.c.h; path = pkcs7.h; sourceTree = "<group>"; };
		D47FD84F253FC54A0000D69E /* obj_mac.h */ = {isa = PBXFileReference; fileEncoding = 4; lastKnownFileType = sourcecode.c.h; path = obj_mac.h; sourceTree = "<group>"; };
		D47FD850253FC54A0000D69E /* buffer.h */ = {isa = PBXFileReference; fileEncoding = 4; lastKnownFileType = sourcecode.c.h; path = buffer.h; sourceTree = "<group>"; };
		D47FD851253FC54A0000D69E /* ssl.h */ = {isa = PBXFileReference; fileEncoding = 4; lastKnownFileType = sourcecode.c.h; path = ssl.h; sourceTree = "<group>"; };
		D47FD852253FC54A0000D69E /* srp.h */ = {isa = PBXFileReference; fileEncoding = 4; lastKnownFileType = sourcecode.c.h; path = srp.h; sourceTree = "<group>"; };
		D47FD853253FC54A0000D69E /* camellia.h */ = {isa = PBXFileReference; fileEncoding = 4; lastKnownFileType = sourcecode.c.h; path = camellia.h; sourceTree = "<group>"; };
		D47FD854253FC54A0000D69E /* evp.h */ = {isa = PBXFileReference; fileEncoding = 4; lastKnownFileType = sourcecode.c.h; path = evp.h; sourceTree = "<group>"; };
		D47FD855253FC54A0000D69E /* e_os2.h */ = {isa = PBXFileReference; fileEncoding = 4; lastKnownFileType = sourcecode.c.h; path = e_os2.h; sourceTree = "<group>"; };
		D47FD856253FC54A0000D69E /* md4.h */ = {isa = PBXFileReference; fileEncoding = 4; lastKnownFileType = sourcecode.c.h; path = md4.h; sourceTree = "<group>"; };
		D47FD857253FC54A0000D69E /* hmac.h */ = {isa = PBXFileReference; fileEncoding = 4; lastKnownFileType = sourcecode.c.h; path = hmac.h; sourceTree = "<group>"; };
		D47FD858253FC54A0000D69E /* aes.h */ = {isa = PBXFileReference; fileEncoding = 4; lastKnownFileType = sourcecode.c.h; path = aes.h; sourceTree = "<group>"; };
		D47FD859253FC54A0000D69E /* comp.h */ = {isa = PBXFileReference; fileEncoding = 4; lastKnownFileType = sourcecode.c.h; path = comp.h; sourceTree = "<group>"; };
		D47FD85A253FC54A0000D69E /* cast.h */ = {isa = PBXFileReference; fileEncoding = 4; lastKnownFileType = sourcecode.c.h; path = cast.h; sourceTree = "<group>"; };
		D47FD85B253FC54A0000D69E /* rc4.h */ = {isa = PBXFileReference; fileEncoding = 4; lastKnownFileType = sourcecode.c.h; path = rc4.h; sourceTree = "<group>"; };
		D47FD85C253FC54A0000D69E /* stack.h */ = {isa = PBXFileReference; fileEncoding = 4; lastKnownFileType = sourcecode.c.h; path = stack.h; sourceTree = "<group>"; };
		D47FD85D253FC54A0000D69E /* des.h */ = {isa = PBXFileReference; fileEncoding = 4; lastKnownFileType = sourcecode.c.h; path = des.h; sourceTree = "<group>"; };
		D47FD85E253FC54A0000D69E /* ocsp.h */ = {isa = PBXFileReference; fileEncoding = 4; lastKnownFileType = sourcecode.c.h; path = ocsp.h; sourceTree = "<group>"; };
		D47FD85F253FC54A0000D69E /* ec.h */ = {isa = PBXFileReference; fileEncoding = 4; lastKnownFileType = sourcecode.c.h; path = ec.h; sourceTree = "<group>"; };
		D47FD860253FC54A0000D69E /* ecdh.h */ = {isa = PBXFileReference; fileEncoding = 4; lastKnownFileType = sourcecode.c.h; path = ecdh.h; sourceTree = "<group>"; };
		D47FD861253FC54A0000D69E /* rand.h */ = {isa = PBXFileReference; fileEncoding = 4; lastKnownFileType = sourcecode.c.h; path = rand.h; sourceTree = "<group>"; };
		D47FD862253FC54A0000D69E /* ts.h */ = {isa = PBXFileReference; fileEncoding = 4; lastKnownFileType = sourcecode.c.h; path = ts.h; sourceTree = "<group>"; };
		D47FD863253FC54A0000D69E /* pqueue.h */ = {isa = PBXFileReference; fileEncoding = 4; lastKnownFileType = sourcecode.c.h; path = pqueue.h; sourceTree = "<group>"; };
		D47FD864253FC54A0000D69E /* dso.h */ = {isa = PBXFileReference; fileEncoding = 4; lastKnownFileType = sourcecode.c.h; path = dso.h; sourceTree = "<group>"; };
		D47FD865253FC54A0000D69E /* seed.h */ = {isa = PBXFileReference; fileEncoding = 4; lastKnownFileType = sourcecode.c.h; path = seed.h; sourceTree = "<group>"; };
		D47FD866253FC54A0000D69E /* modes.h */ = {isa = PBXFileReference; fileEncoding = 4; lastKnownFileType = sourcecode.c.h; path = modes.h; sourceTree = "<group>"; };
		D47FD867253FC54A0000D69E /* ssl2.h */ = {isa = PBXFileReference; fileEncoding = 4; lastKnownFileType = sourcecode.c.h; path = ssl2.h; sourceTree = "<group>"; };
		D47FD868253FC54A0000D69E /* rsa.h */ = {isa = PBXFileReference; fileEncoding = 4; lastKnownFileType = sourcecode.c.h; path = rsa.h; sourceTree = "<group>"; };
		D47FD869253FC54A0000D69E /* krb5_asn.h */ = {isa = PBXFileReference; fileEncoding = 4; lastKnownFileType = sourcecode.c.h; path = krb5_asn.h; sourceTree = "<group>"; };
		D47FD86A253FC54A0000D69E /* des_old.h */ = {isa = PBXFileReference; fileEncoding = 4; lastKnownFileType = sourcecode.c.h; path = des_old.h; sourceTree = "<group>"; };
		D47FD86B253FC54A0000D69E /* ripemd.h */ = {isa = PBXFileReference; fileEncoding = 4; lastKnownFileType = sourcecode.c.h; path = ripemd.h; sourceTree = "<group>"; };
		D47FD86C253FC54A0000D69E /* whrlpool.h */ = {isa = PBXFileReference; fileEncoding = 4; lastKnownFileType = sourcecode.c.h; path = whrlpool.h; sourceTree = "<group>"; };
		D47FD86D253FC54A0000D69E /* tls1.h */ = {isa = PBXFileReference; fileEncoding = 4; lastKnownFileType = sourcecode.c.h; path = tls1.h; sourceTree = "<group>"; };
		D47FD86E253FC54A0000D69E /* mdc2.h */ = {isa = PBXFileReference; fileEncoding = 4; lastKnownFileType = sourcecode.c.h; path = mdc2.h; sourceTree = "<group>"; };
		D47FD86F253FC54A0000D69E /* dsa.h */ = {isa = PBXFileReference; fileEncoding = 4; lastKnownFileType = sourcecode.c.h; path = dsa.h; sourceTree = "<group>"; };
		D47FD870253FC54A0000D69E /* srtp.h */ = {isa = PBXFileReference; fileEncoding = 4; lastKnownFileType = sourcecode.c.h; path = srtp.h; sourceTree = "<group>"; };
		D47FD871253FC54A0000D69E /* asn1t.h */ = {isa = PBXFileReference; fileEncoding = 4; lastKnownFileType = sourcecode.c.h; path = asn1t.h; sourceTree = "<group>"; };
		D47FD872253FC54A0000D69E /* cmac.h */ = {isa = PBXFileReference; fileEncoding = 4; lastKnownFileType = sourcecode.c.h; path = cmac.h; sourceTree = "<group>"; };
		D47FD873253FC54A0000D69E /* ebcdic.h */ = {isa = PBXFileReference; fileEncoding = 4; lastKnownFileType = sourcecode.c.h; path = ebcdic.h; sourceTree = "<group>"; };
		D47FD874253FC54A0000D69E /* idea.h */ = {isa = PBXFileReference; fileEncoding = 4; lastKnownFileType = sourcecode.c.h; path = idea.h; sourceTree = "<group>"; };
		D47FD875253FC54A0000D69E /* lhash.h */ = {isa = PBXFileReference; fileEncoding = 4; lastKnownFileType = sourcecode.c.h; path = lhash.h; sourceTree = "<group>"; };
		D47FD876253FC54A0000D69E /* libssl.a */ = {isa = PBXFileReference; lastKnownFileType = archive.ar; path = libssl.a; sourceTree = "<group>"; };
		D47FD877253FC54A0000D69E /* BlufiDH.m */ = {isa = PBXFileReference; fileEncoding = 4; lastKnownFileType = sourcecode.c.objc; path = BlufiDH.m; sourceTree = "<group>"; };
		D47FD878253FC54A0000D69E /* BlufiConfigureParams.h */ = {isa = PBXFileReference; fileEncoding = 4; lastKnownFileType = sourcecode.c.h; path = BlufiConfigureParams.h; sourceTree = "<group>"; };
		D47FD879253FC54A0000D69E /* BlufiScanResponse.h */ = {isa = PBXFileReference; fileEncoding = 4; lastKnownFileType = sourcecode.c.h; path = BlufiScanResponse.h; sourceTree = "<group>"; };
		D47FD87A253FC54A0000D69E /* BlufiConstants.h */ = {isa = PBXFileReference; fileEncoding = 4; lastKnownFileType = sourcecode.c.h; path = BlufiConstants.h; sourceTree = "<group>"; };
		D47FD87B253FC54A0000D69E /* BlufiClient.h */ = {isa = PBXFileReference; fileEncoding = 4; lastKnownFileType = sourcecode.c.h; path = BlufiClient.h; sourceTree = "<group>"; };
		D47FD87C253FC54A0000D69E /* ESPHeaderFiles.h */ = {isa = PBXFileReference; fileEncoding = 4; lastKnownFileType = sourcecode.c.h; path = ESPHeaderFiles.h; sourceTree = "<group>"; };
		D47FD87E253FC54A0000D69E /* BlufiFrameCtrlData.h */ = {isa = PBXFileReference; fileEncoding = 4; lastKnownFileType = sourcecode.c.h; path = BlufiFrameCtrlData.h; sourceTree = "<group>"; };
		D47FD87F253FC54A0000D69E /* BlufiNotifyData.m */ = {isa = PBXFileReference; fileEncoding = 4; lastKnownFileType = sourcecode.c.objc; path = BlufiNotifyData.m; sourceTree = "<group>"; };
		D47FD880253FC54A0000D69E /* BlufiFrameCtrlData.m */ = {isa = PBXFileReference; fileEncoding = 4; lastKnownFileType = sourcecode.c.objc; path = BlufiFrameCtrlData.m; sourceTree = "<group>"; };
		D47FD881253FC54A0000D69E /* BlufiNotifyData.h */ = {isa = PBXFileReference; fileEncoding = 4; lastKnownFileType = sourcecode.c.h; path = BlufiNotifyData.h; sourceTree = "<group>"; };
		D47FD8E6253FC5590000D69E /* ESPDataConversion.m */ = {isa = PBXFileReference; fileEncoding = 4; lastKnownFileType = sourcecode.c.objc; path = ESPDataConversion.m; sourceTree = "<group>"; };
		D47FD8E7253FC5590000D69E /* ESPPeripheral.m */ = {isa = PBXFileReference; fileEncoding = 4; lastKnownFileType = sourcecode.c.objc; path = ESPPeripheral.m; sourceTree = "<group>"; };
		D47FD8E8253FC5590000D69E /* ESPFBYBLEHelper.m */ = {isa = PBXFileReference; fileEncoding = 4; lastKnownFileType = sourcecode.c.objc; path = ESPFBYBLEHelper.m; sourceTree = "<group>"; };
		D47FD8E9253FC5590000D69E /* ESPPeripheral.h */ = {isa = PBXFileReference; fileEncoding = 4; lastKnownFileType = sourcecode.c.h; path = ESPPeripheral.h; sourceTree = "<group>"; };
		D47FD8EA253FC5590000D69E /* ESPDataConversion.h */ = {isa = PBXFileReference; fileEncoding = 4; lastKnownFileType = sourcecode.c.h; path = ESPDataConversion.h; sourceTree = "<group>"; };
		D47FD8EB253FC5590000D69E /* ESPFBYBLEHelper.h */ = {isa = PBXFileReference; fileEncoding = 4; lastKnownFileType = sourcecode.c.h; path = ESPFBYBLEHelper.h; sourceTree = "<group>"; };
/* End PBXFileReference section */

/* Begin PBXFrameworksBuildPhase section */
		D47FD58E253EFA560000D69E /* Frameworks */ = {
			isa = PBXFrameworksBuildPhase;
			buildActionMask = 2147483647;
			files = (
			);
			runOnlyForDeploymentPostprocessing = 0;
		};
		D47FD80D253FC5280000D69E /* Frameworks */ = {
			isa = PBXFrameworksBuildPhase;
			buildActionMask = 2147483647;
			files = (
				D47FD8DA253FC54A0000D69E /* libssl.a in Frameworks */,
				D47FD88D253FC54A0000D69E /* libcrypto.a in Frameworks */,
			);
			runOnlyForDeploymentPostprocessing = 0;
		};
/* End PBXFrameworksBuildPhase section */

/* Begin PBXGroup section */
		D47FD578253EFA1F0000D69E = {
			isa = PBXGroup;
			children = (
				D47FD811253FC5280000D69E /* ESPBluefi */,
				D47FD592253EFA560000D69E /* ESPBluefiSample */,
				D47FD583253EFA1F0000D69E /* Products */,
				D47FD73E253EFB470000D69E /* Frameworks */,
			);
			sourceTree = "<group>";
		};
		D47FD583253EFA1F0000D69E /* Products */ = {
			isa = PBXGroup;
			children = (
				D47FD591253EFA560000D69E /* ESPBluefiSample.app */,
				D47FD810253FC5280000D69E /* ESPBluefi.framework */,
			);
			name = Products;
			sourceTree = "<group>";
		};
		D47FD592253EFA560000D69E /* ESPBluefiSample */ = {
			isa = PBXGroup;
			children = (
				D47FD593253EFA560000D69E /* AppDelegate.swift */,
				D47FD597253EFA560000D69E /* ViewController.swift */,
				D47FD599253EFA560000D69E /* Main.storyboard */,
				D47FD59C253EFA580000D69E /* Assets.xcassets */,
				D47FD59E253EFA580000D69E /* LaunchScreen.storyboard */,
				D47FD5A1253EFA580000D69E /* Info.plist */,
			);
			path = ESPBluefiSample;
			sourceTree = "<group>";
		};
		D47FD73E253EFB470000D69E /* Frameworks */ = {
			isa = PBXGroup;
			children = (
			);
			name = Frameworks;
			sourceTree = "<group>";
		};
		D47FD811253FC5280000D69E /* ESPBluefi */ = {
			isa = PBXGroup;
			children = (
				D47FD818253FC54A0000D69E /* BlufiLibrary */,
				D47FD8E5253FC5590000D69E /* ESPAPPResources */,
				D47FD812253FC5280000D69E /* ESPBluefi.h */,
				D47FD813253FC5280000D69E /* Info.plist */,
			);
			path = ESPBluefi;
			sourceTree = "<group>";
		};
		D47FD818253FC54A0000D69E /* BlufiLibrary */ = {
			isa = PBXGroup;
			children = (
				D47FD819253FC54A0000D69E /* Response */,
				D47FD820253FC54A0000D69E /* BlufiStatusResponse.h */,
				D47FD821253FC54A0000D69E /* BlufiVersionResponse.h */,
				D47FD822253FC54A0000D69E /* Security */,
				D47FD878253FC54A0000D69E /* BlufiConfigureParams.h */,
				D47FD879253FC54A0000D69E /* BlufiScanResponse.h */,
				D47FD87A253FC54A0000D69E /* BlufiConstants.h */,
				D47FD87B253FC54A0000D69E /* BlufiClient.h */,
				D47FD87C253FC54A0000D69E /* ESPHeaderFiles.h */,
				D47FD87D253FC54A0000D69E /* Data */,
			);
			path = BlufiLibrary;
			sourceTree = "<group>";
		};
		D47FD819253FC54A0000D69E /* Response */ = {
			isa = PBXGroup;
			children = (
				D47FD81A253FC54A0000D69E /* BlufiConstants.m */,
				D47FD81B253FC54A0000D69E /* BlufiClient.m */,
				D47FD81C253FC54A0000D69E /* BlufiVersionResponse.m */,
				D47FD81D253FC54A0000D69E /* BlufiStatusResponse.m */,
				D47FD81E253FC54A0000D69E /* BlufiScanResponse.m */,
				D47FD81F253FC54A0000D69E /* BlufiConfigureParams.m */,
			);
			path = Response;
			sourceTree = "<group>";
		};
		D47FD822253FC54A0000D69E /* Security */ = {
			isa = PBXGroup;
			children = (
				D47FD823253FC54A0000D69E /* BlufiSecurity.h */,
				D47FD824253FC54A0000D69E /* BlufiDH.h */,
				D47FD825253FC54A0000D69E /* BlufiSecurity.m */,
				D47FD826253FC54A0000D69E /* openssl */,
				D47FD877253FC54A0000D69E /* BlufiDH.m */,
			);
			path = Security;
			sourceTree = "<group>";
		};
		D47FD826253FC54A0000D69E /* openssl */ = {
			isa = PBXGroup;
			children = (
				D47FD827253FC54A0000D69E /* libcrypto.a */,
				D47FD828253FC54A0000D69E /* include */,
				D47FD876253FC54A0000D69E /* libssl.a */,
			);
			path = openssl;
			sourceTree = "<group>";
		};
		D47FD828253FC54A0000D69E /* include */ = {
			isa = PBXGroup;
			children = (
				D47FD829253FC54A0000D69E /* LICENSE */,
				D47FD82A253FC54A0000D69E /* openssl */,
			);
			path = include;
			sourceTree = "<group>";
		};
		D47FD82A253FC54A0000D69E /* openssl */ = {
			isa = PBXGroup;
			children = (
				D47FD82B253FC54A0000D69E /* pem2.h */,
				D47FD82C253FC54A0000D69E /* pem.h */,
				D47FD82D253FC54A0000D69E /* ssl3.h */,
				D47FD82E253FC54A0000D69E /* ossl_typ.h */,
				D47FD82F253FC54A0000D69E /* dtls1.h */,
				D47FD830253FC54A0000D69E /* err.h */,
				D47FD831253FC54A0000D69E /* bn.h */,
				D47FD832253FC54A0000D69E /* blowfish.h */,
				D47FD833253FC54A0000D69E /* cms.h */,
				D47FD834253FC54A0000D69E /* engine.h */,
				D47FD835253FC54A0000D69E /* conf_api.h */,
				D47FD836253FC54A0000D69E /* x509.h */,
				D47FD837253FC54A0000D69E /* asn1_mac.h */,
				D47FD838253FC54A0000D69E /* ui.h */,
				D47FD839253FC54A0000D69E /* kssl.h */,
				D47FD83A253FC54A0000D69E /* sha.h */,
				D47FD83B253FC54A0000D69E /* symhacks.h */,
				D47FD83C253FC54A0000D69E /* asn1.h */,
				D47FD83D253FC54A0000D69E /* opensslconf.h */,
				D47FD83E253FC54A0000D69E /* bio.h */,
				D47FD83F253FC54A0000D69E /* rc2.h */,
				D47FD840253FC54A0000D69E /* dh.h */,
				D47FD841253FC54A0000D69E /* ui_compat.h */,
				D47FD842253FC54A0000D69E /* x509v3.h */,
				D47FD843253FC54A0000D69E /* ssl23.h */,
				D47FD844253FC54A0000D69E /* conf.h */,
				D47FD845253FC54A0000D69E /* md5.h */,
				D47FD846253FC54A0000D69E /* x509_vfy.h */,
				D47FD847253FC54A0000D69E /* txt_db.h */,
				D47FD848253FC54A0000D69E /* safestack.h */,
				D47FD849253FC54A0000D69E /* ecdsa.h */,
				D47FD84A253FC54A0000D69E /* objects.h */,
				D47FD84B253FC54A0000D69E /* pkcs12.h */,
				D47FD84C253FC54A0000D69E /* crypto.h */,
				D47FD84D253FC54A0000D69E /* opensslv.h */,
				D47FD84E253FC54A0000D69E /* pkcs7.h */,
				D47FD84F253FC54A0000D69E /* obj_mac.h */,
				D47FD850253FC54A0000D69E /* buffer.h */,
				D47FD851253FC54A0000D69E /* ssl.h */,
				D47FD852253FC54A0000D69E /* srp.h */,
				D47FD853253FC54A0000D69E /* camellia.h */,
				D47FD854253FC54A0000D69E /* evp.h */,
				D47FD855253FC54A0000D69E /* e_os2.h */,
				D47FD856253FC54A0000D69E /* md4.h */,
				D47FD857253FC54A0000D69E /* hmac.h */,
				D47FD858253FC54A0000D69E /* aes.h */,
				D47FD859253FC54A0000D69E /* comp.h */,
				D47FD85A253FC54A0000D69E /* cast.h */,
				D47FD85B253FC54A0000D69E /* rc4.h */,
				D47FD85C253FC54A0000D69E /* stack.h */,
				D47FD85D253FC54A0000D69E /* des.h */,
				D47FD85E253FC54A0000D69E /* ocsp.h */,
				D47FD85F253FC54A0000D69E /* ec.h */,
				D47FD860253FC54A0000D69E /* ecdh.h */,
				D47FD861253FC54A0000D69E /* rand.h */,
				D47FD862253FC54A0000D69E /* ts.h */,
				D47FD863253FC54A0000D69E /* pqueue.h */,
				D47FD864253FC54A0000D69E /* dso.h */,
				D47FD865253FC54A0000D69E /* seed.h */,
				D47FD866253FC54A0000D69E /* modes.h */,
				D47FD867253FC54A0000D69E /* ssl2.h */,
				D47FD868253FC54A0000D69E /* rsa.h */,
				D47FD869253FC54A0000D69E /* krb5_asn.h */,
				D47FD86A253FC54A0000D69E /* des_old.h */,
				D47FD86B253FC54A0000D69E /* ripemd.h */,
				D47FD86C253FC54A0000D69E /* whrlpool.h */,
				D47FD86D253FC54A0000D69E /* tls1.h */,
				D47FD86E253FC54A0000D69E /* mdc2.h */,
				D47FD86F253FC54A0000D69E /* dsa.h */,
				D47FD870253FC54A0000D69E /* srtp.h */,
				D47FD871253FC54A0000D69E /* asn1t.h */,
				D47FD872253FC54A0000D69E /* cmac.h */,
				D47FD873253FC54A0000D69E /* ebcdic.h */,
				D47FD874253FC54A0000D69E /* idea.h */,
				D47FD875253FC54A0000D69E /* lhash.h */,
			);
			path = openssl;
			sourceTree = "<group>";
		};
		D47FD87D253FC54A0000D69E /* Data */ = {
			isa = PBXGroup;
			children = (
				D47FD87E253FC54A0000D69E /* BlufiFrameCtrlData.h */,
				D47FD87F253FC54A0000D69E /* BlufiNotifyData.m */,
				D47FD880253FC54A0000D69E /* BlufiFrameCtrlData.m */,
				D47FD881253FC54A0000D69E /* BlufiNotifyData.h */,
			);
			path = Data;
			sourceTree = "<group>";
		};
		D47FD8E5253FC5590000D69E /* ESPAPPResources */ = {
			isa = PBXGroup;
			children = (
				D47FD8E6253FC5590000D69E /* ESPDataConversion.m */,
				D47FD8E7253FC5590000D69E /* ESPPeripheral.m */,
				D47FD8E8253FC5590000D69E /* ESPFBYBLEHelper.m */,
				D47FD8E9253FC5590000D69E /* ESPPeripheral.h */,
				D47FD8EA253FC5590000D69E /* ESPDataConversion.h */,
				D47FD8EB253FC5590000D69E /* ESPFBYBLEHelper.h */,
			);
			path = ESPAPPResources;
			sourceTree = "<group>";
		};
/* End PBXGroup section */

/* Begin PBXHeadersBuildPhase section */
		D47FD80B253FC5280000D69E /* Headers */ = {
			isa = PBXHeadersBuildPhase;
			buildActionMask = 2147483647;
			files = (
				D47FD8B8253FC54A0000D69E /* evp.h in Headers */,
				D47FD89E253FC54A0000D69E /* sha.h in Headers */,
				D47FD8A9253FC54A0000D69E /* md5.h in Headers */,
				D47FD8B0253FC54A0000D69E /* crypto.h in Headers */,
				D47FD8AF253FC54A0000D69E /* pkcs12.h in Headers */,
				D47FD8E4253FC54A0000D69E /* BlufiNotifyData.h in Headers */,
				D47FD8C5253FC54A0000D69E /* rand.h in Headers */,
				D47FD8A0253FC54A0000D69E /* asn1.h in Headers */,
				D47FD897253FC54A0000D69E /* cms.h in Headers */,
				D47FD894253FC54A0000D69E /* err.h in Headers */,
				D47FD8CF253FC54A0000D69E /* ripemd.h in Headers */,
				D47FD8A3253FC54A0000D69E /* rc2.h in Headers */,
				D47FD88F253FC54A0000D69E /* pem2.h in Headers */,
				D47FD8C7253FC54A0000D69E /* pqueue.h in Headers */,
				D47FD8B4253FC54A0000D69E /* buffer.h in Headers */,
				D47FD8A1253FC54A0000D69E /* opensslconf.h in Headers */,
				D47FD8BF253FC54A0000D69E /* rc4.h in Headers */,
				D47FD8EF253FC5590000D69E /* ESPPeripheral.h in Headers */,
				D47FD8D6253FC54A0000D69E /* cmac.h in Headers */,
				D47FD8C6253FC54A0000D69E /* ts.h in Headers */,
				D47FD8B1253FC54A0000D69E /* opensslv.h in Headers */,
				D47FD898253FC54A0000D69E /* engine.h in Headers */,
				D47FD8D2253FC54A0000D69E /* mdc2.h in Headers */,
				D47FD8E0253FC54A0000D69E /* ESPHeaderFiles.h in Headers */,
				D47FD8CB253FC54A0000D69E /* ssl2.h in Headers */,
				D47FD8C1253FC54A0000D69E /* des.h in Headers */,
				D47FD895253FC54A0000D69E /* bn.h in Headers */,
				D47FD8B7253FC54A0000D69E /* camellia.h in Headers */,
				D47FD89D253FC54A0000D69E /* kssl.h in Headers */,
				D47FD8AE253FC54A0000D69E /* objects.h in Headers */,
				D47FD8A5253FC54A0000D69E /* ui_compat.h in Headers */,
				D47FD891253FC54A0000D69E /* ssl3.h in Headers */,
				D47FD8B6253FC54A0000D69E /* srp.h in Headers */,
				D47FD8B9253FC54A0000D69E /* e_os2.h in Headers */,
				D47FD8AA253FC54A0000D69E /* x509_vfy.h in Headers */,
				D47FD8CD253FC54A0000D69E /* krb5_asn.h in Headers */,
				D47FD8D0253FC54A0000D69E /* whrlpool.h in Headers */,
				D47FD8B2253FC54A0000D69E /* pkcs7.h in Headers */,
				D47FD8C0253FC54A0000D69E /* stack.h in Headers */,
				D47FD8A7253FC54A0000D69E /* ssl23.h in Headers */,
				D47FD8BB253FC54A0000D69E /* hmac.h in Headers */,
				D47FD8F1253FC5590000D69E /* ESPFBYBLEHelper.h in Headers */,
				D47FD8AC253FC54A0000D69E /* safestack.h in Headers */,
				D47FD8C8253FC54A0000D69E /* dso.h in Headers */,
				D47FD890253FC54A0000D69E /* pem.h in Headers */,
				D47FD8D4253FC54A0000D69E /* srtp.h in Headers */,
				D47FD893253FC54A0000D69E /* dtls1.h in Headers */,
				D47FD8D1253FC54A0000D69E /* tls1.h in Headers */,
				D47FD896253FC54A0000D69E /* blowfish.h in Headers */,
				D47FD8BC253FC54A0000D69E /* aes.h in Headers */,
				D47FD8CA253FC54A0000D69E /* modes.h in Headers */,
				D47FD8C3253FC54A0000D69E /* ec.h in Headers */,
				D47FD888253FC54A0000D69E /* BlufiStatusResponse.h in Headers */,
				D47FD8CE253FC54A0000D69E /* des_old.h in Headers */,
				D47FD89A253FC54A0000D69E /* x509.h in Headers */,
				D47FD8AD253FC54A0000D69E /* ecdsa.h in Headers */,
				D47FD8DF253FC54A0000D69E /* BlufiClient.h in Headers */,
				D47FD8A6253FC54A0000D69E /* x509v3.h in Headers */,
				D47FD8BA253FC54A0000D69E /* md4.h in Headers */,
				D47FD8D7253FC54A0000D69E /* ebcdic.h in Headers */,
				D47FD89F253FC54A0000D69E /* symhacks.h in Headers */,
				D47FD8C4253FC54A0000D69E /* ecdh.h in Headers */,
				D47FD89C253FC54A0000D69E /* ui.h in Headers */,
				D47FD8CC253FC54A0000D69E /* rsa.h in Headers */,
				D47FD89B253FC54A0000D69E /* asn1_mac.h in Headers */,
				D47FD8BD253FC54A0000D69E /* comp.h in Headers */,
				D47FD8DD253FC54A0000D69E /* BlufiScanResponse.h in Headers */,
				D47FD8D9253FC54A0000D69E /* lhash.h in Headers */,
				D47FD8A4253FC54A0000D69E /* dh.h in Headers */,
				D47FD8D8253FC54A0000D69E /* idea.h in Headers */,
				D47FD8D5253FC54A0000D69E /* asn1t.h in Headers */,
				D47FD8B5253FC54A0000D69E /* ssl.h in Headers */,
				D47FD889253FC54A0000D69E /* BlufiVersionResponse.h in Headers */,
				D47FD88B253FC54A0000D69E /* BlufiDH.h in Headers */,
				D47FD814253FC5280000D69E /* ESPBluefi.h in Headers */,
				D47FD892253FC54A0000D69E /* ossl_typ.h in Headers */,
				D47FD8AB253FC54A0000D69E /* txt_db.h in Headers */,
				D47FD8F0253FC5590000D69E /* ESPDataConversion.h in Headers */,
				D47FD8C2253FC54A0000D69E /* ocsp.h in Headers */,
				D47FD8A8253FC54A0000D69E /* conf.h in Headers */,
				D47FD8DC253FC54A0000D69E /* BlufiConfigureParams.h in Headers */,
				D47FD8DE253FC54A0000D69E /* BlufiConstants.h in Headers */,
				D47FD88A253FC54A0000D69E /* BlufiSecurity.h in Headers */,
				D47FD899253FC54A0000D69E /* conf_api.h in Headers */,
				D47FD8E1253FC54A0000D69E /* BlufiFrameCtrlData.h in Headers */,
				D47FD8B3253FC54A0000D69E /* obj_mac.h in Headers */,
				D47FD8C9253FC54A0000D69E /* seed.h in Headers */,
				D47FD8BE253FC54A0000D69E /* cast.h in Headers */,
				D47FD8A2253FC54A0000D69E /* bio.h in Headers */,
				D47FD8D3253FC54A0000D69E /* dsa.h in Headers */,
			);
			runOnlyForDeploymentPostprocessing = 0;
		};
/* End PBXHeadersBuildPhase section */

/* Begin PBXNativeTarget section */
		D47FD590253EFA560000D69E /* ESPBluefiSample */ = {
			isa = PBXNativeTarget;
			buildConfigurationList = D47FD5A4253EFA580000D69E /* Build configuration list for PBXNativeTarget "ESPBluefiSample" */;
			buildPhases = (
				D47FD58D253EFA560000D69E /* Sources */,
				D47FD58E253EFA560000D69E /* Frameworks */,
				D47FD58F253EFA560000D69E /* Resources */,
				D47FD743253EFB470000D69E /* Embed Frameworks */,
			);
			buildRules = (
			);
			dependencies = (
			);
			name = ESPBluefiSample;
			productName = ESPBluefiSample;
			productReference = D47FD591253EFA560000D69E /* ESPBluefiSample.app */;
			productType = "com.apple.product-type.application";
		};
		D47FD80F253FC5280000D69E /* ESPBluefi */ = {
			isa = PBXNativeTarget;
			buildConfigurationList = D47FD817253FC5280000D69E /* Build configuration list for PBXNativeTarget "ESPBluefi" */;
			buildPhases = (
				D47FD80B253FC5280000D69E /* Headers */,
				D47FD80C253FC5280000D69E /* Sources */,
				D47FD80D253FC5280000D69E /* Frameworks */,
				D47FD80E253FC5280000D69E /* Resources */,
			);
			buildRules = (
			);
			dependencies = (
			);
			name = ESPBluefi;
			productName = ESPBluefi;
			productReference = D47FD810253FC5280000D69E /* ESPBluefi.framework */;
			productType = "com.apple.product-type.framework";
		};
/* End PBXNativeTarget section */

/* Begin PBXProject section */
		D47FD579253EFA1F0000D69E /* Project object */ = {
			isa = PBXProject;
			attributes = {
				LastSwiftUpdateCheck = 1170;
				LastUpgradeCheck = 1170;
				ORGANIZATIONNAME = tecpal;
				TargetAttributes = {
					D47FD590253EFA560000D69E = {
						CreatedOnToolsVersion = 11.7;
					};
					D47FD80F253FC5280000D69E = {
						CreatedOnToolsVersion = 11.7;
					};
				};
			};
			buildConfigurationList = D47FD57C253EFA1F0000D69E /* Build configuration list for PBXProject "ESPBluefi" */;
			compatibilityVersion = "Xcode 9.3";
			developmentRegion = en;
			hasScannedForEncodings = 0;
			knownRegions = (
				en,
				Base,
			);
			mainGroup = D47FD578253EFA1F0000D69E;
			productRefGroup = D47FD583253EFA1F0000D69E /* Products */;
			projectDirPath = "";
			projectRoot = "";
			targets = (
				D47FD80F253FC5280000D69E /* ESPBluefi */,
				D47FD590253EFA560000D69E /* ESPBluefiSample */,
			);
		};
/* End PBXProject section */

/* Begin PBXResourcesBuildPhase section */
		D47FD58F253EFA560000D69E /* Resources */ = {
			isa = PBXResourcesBuildPhase;
			buildActionMask = 2147483647;
			files = (
				D47FD5A0253EFA580000D69E /* LaunchScreen.storyboard in Resources */,
				D47FD59D253EFA580000D69E /* Assets.xcassets in Resources */,
				D47FD59B253EFA560000D69E /* Main.storyboard in Resources */,
			);
			runOnlyForDeploymentPostprocessing = 0;
		};
		D47FD80E253FC5280000D69E /* Resources */ = {
			isa = PBXResourcesBuildPhase;
			buildActionMask = 2147483647;
			files = (
				D47FD88E253FC54A0000D69E /* LICENSE in Resources */,
			);
			runOnlyForDeploymentPostprocessing = 0;
		};
/* End PBXResourcesBuildPhase section */

/* Begin PBXSourcesBuildPhase section */
		D47FD58D253EFA560000D69E /* Sources */ = {
			isa = PBXSourcesBuildPhase;
			buildActionMask = 2147483647;
			files = (
				D47FD598253EFA560000D69E /* ViewController.swift in Sources */,
				D47FD594253EFA560000D69E /* AppDelegate.swift in Sources */,
			);
			runOnlyForDeploymentPostprocessing = 0;
		};
		D47FD80C253FC5280000D69E /* Sources */ = {
			isa = PBXSourcesBuildPhase;
			buildActionMask = 2147483647;
			files = (
				D47FD886253FC54A0000D69E /* BlufiScanResponse.m in Sources */,
				D47FD8EC253FC5590000D69E /* ESPDataConversion.m in Sources */,
				D47FD882253FC54A0000D69E /* BlufiConstants.m in Sources */,
				D47FD8DB253FC54A0000D69E /* BlufiDH.m in Sources */,
				D47FD885253FC54A0000D69E /* BlufiStatusResponse.m in Sources */,
				D47FD883253FC54A0000D69E /* BlufiClient.m in Sources */,
				D47FD8E3253FC54A0000D69E /* BlufiFrameCtrlData.m in Sources */,
				D47FD8E2253FC54A0000D69E /* BlufiNotifyData.m in Sources */,
				D47FD884253FC54A0000D69E /* BlufiVersionResponse.m in Sources */,
				D47FD887253FC54A0000D69E /* BlufiConfigureParams.m in Sources */,
				D47FD8EE253FC5590000D69E /* ESPFBYBLEHelper.m in Sources */,
				D47FD8ED253FC5590000D69E /* ESPPeripheral.m in Sources */,
				D47FD88C253FC54A0000D69E /* BlufiSecurity.m in Sources */,
			);
			runOnlyForDeploymentPostprocessing = 0;
		};
/* End PBXSourcesBuildPhase section */

/* Begin PBXVariantGroup section */
		D47FD599253EFA560000D69E /* Main.storyboard */ = {
			isa = PBXVariantGroup;
			children = (
				D47FD59A253EFA560000D69E /* Base */,
			);
			name = Main.storyboard;
			sourceTree = "<group>";
		};
		D47FD59E253EFA580000D69E /* LaunchScreen.storyboard */ = {
			isa = PBXVariantGroup;
			children = (
				D47FD59F253EFA580000D69E /* Base */,
			);
			name = LaunchScreen.storyboard;
			sourceTree = "<group>";
		};
/* End PBXVariantGroup section */

/* Begin XCBuildConfiguration section */
		D47FD588253EFA1F0000D69E /* Debug */ = {
			isa = XCBuildConfiguration;
			buildSettings = {
				ALWAYS_SEARCH_USER_PATHS = NO;
				CLANG_ANALYZER_NONNULL = YES;
				CLANG_ANALYZER_NUMBER_OBJECT_CONVERSION = YES_AGGRESSIVE;
				CLANG_CXX_LANGUAGE_STANDARD = "gnu++14";
				CLANG_CXX_LIBRARY = "libc++";
				CLANG_ENABLE_MODULES = YES;
				CLANG_ENABLE_OBJC_ARC = YES;
				CLANG_ENABLE_OBJC_WEAK = YES;
				CLANG_WARN_BLOCK_CAPTURE_AUTORELEASING = YES;
				CLANG_WARN_BOOL_CONVERSION = YES;
				CLANG_WARN_COMMA = YES;
				CLANG_WARN_CONSTANT_CONVERSION = YES;
				CLANG_WARN_DEPRECATED_OBJC_IMPLEMENTATIONS = YES;
				CLANG_WARN_DIRECT_OBJC_ISA_USAGE = YES_ERROR;
				CLANG_WARN_DOCUMENTATION_COMMENTS = YES;
				CLANG_WARN_EMPTY_BODY = YES;
				CLANG_WARN_ENUM_CONVERSION = YES;
				CLANG_WARN_INFINITE_RECURSION = YES;
				CLANG_WARN_INT_CONVERSION = YES;
				CLANG_WARN_NON_LITERAL_NULL_CONVERSION = YES;
				CLANG_WARN_OBJC_IMPLICIT_RETAIN_SELF = YES;
				CLANG_WARN_OBJC_LITERAL_CONVERSION = YES;
				CLANG_WARN_OBJC_ROOT_CLASS = YES_ERROR;
				CLANG_WARN_RANGE_LOOP_ANALYSIS = YES;
				CLANG_WARN_STRICT_PROTOTYPES = YES;
				CLANG_WARN_SUSPICIOUS_MOVE = YES;
				CLANG_WARN_UNGUARDED_AVAILABILITY = YES_AGGRESSIVE;
				CLANG_WARN_UNREACHABLE_CODE = YES;
				CLANG_WARN__DUPLICATE_METHOD_MATCH = YES;
				COPY_PHASE_STRIP = NO;
				CURRENT_PROJECT_VERSION = 1;
				DEBUG_INFORMATION_FORMAT = dwarf;
				ENABLE_STRICT_OBJC_MSGSEND = YES;
				ENABLE_TESTABILITY = YES;
				GCC_C_LANGUAGE_STANDARD = gnu11;
				GCC_DYNAMIC_NO_PIC = NO;
				GCC_NO_COMMON_BLOCKS = YES;
				GCC_OPTIMIZATION_LEVEL = 0;
				GCC_PREPROCESSOR_DEFINITIONS = (
					"DEBUG=1",
					"$(inherited)",
				);
				GCC_WARN_64_TO_32_BIT_CONVERSION = YES;
				GCC_WARN_ABOUT_RETURN_TYPE = YES_ERROR;
				GCC_WARN_UNDECLARED_SELECTOR = YES;
				GCC_WARN_UNINITIALIZED_AUTOS = YES_AGGRESSIVE;
				GCC_WARN_UNUSED_FUNCTION = YES;
				GCC_WARN_UNUSED_VARIABLE = YES;
				IPHONEOS_DEPLOYMENT_TARGET = 13.7;
				MTL_ENABLE_DEBUG_INFO = INCLUDE_SOURCE;
				MTL_FAST_MATH = YES;
				ONLY_ACTIVE_ARCH = YES;
				SDKROOT = iphoneos;
				SWIFT_ACTIVE_COMPILATION_CONDITIONS = DEBUG;
				SWIFT_OPTIMIZATION_LEVEL = "-Onone";
				VERSIONING_SYSTEM = "apple-generic";
				VERSION_INFO_PREFIX = "";
			};
			name = Debug;
		};
		D47FD589253EFA1F0000D69E /* Release */ = {
			isa = XCBuildConfiguration;
			buildSettings = {
				ALWAYS_SEARCH_USER_PATHS = NO;
				CLANG_ANALYZER_NONNULL = YES;
				CLANG_ANALYZER_NUMBER_OBJECT_CONVERSION = YES_AGGRESSIVE;
				CLANG_CXX_LANGUAGE_STANDARD = "gnu++14";
				CLANG_CXX_LIBRARY = "libc++";
				CLANG_ENABLE_MODULES = YES;
				CLANG_ENABLE_OBJC_ARC = YES;
				CLANG_ENABLE_OBJC_WEAK = YES;
				CLANG_WARN_BLOCK_CAPTURE_AUTORELEASING = YES;
				CLANG_WARN_BOOL_CONVERSION = YES;
				CLANG_WARN_COMMA = YES;
				CLANG_WARN_CONSTANT_CONVERSION = YES;
				CLANG_WARN_DEPRECATED_OBJC_IMPLEMENTATIONS = YES;
				CLANG_WARN_DIRECT_OBJC_ISA_USAGE = YES_ERROR;
				CLANG_WARN_DOCUMENTATION_COMMENTS = YES;
				CLANG_WARN_EMPTY_BODY = YES;
				CLANG_WARN_ENUM_CONVERSION = YES;
				CLANG_WARN_INFINITE_RECURSION = YES;
				CLANG_WARN_INT_CONVERSION = YES;
				CLANG_WARN_NON_LITERAL_NULL_CONVERSION = YES;
				CLANG_WARN_OBJC_IMPLICIT_RETAIN_SELF = YES;
				CLANG_WARN_OBJC_LITERAL_CONVERSION = YES;
				CLANG_WARN_OBJC_ROOT_CLASS = YES_ERROR;
				CLANG_WARN_RANGE_LOOP_ANALYSIS = YES;
				CLANG_WARN_STRICT_PROTOTYPES = YES;
				CLANG_WARN_SUSPICIOUS_MOVE = YES;
				CLANG_WARN_UNGUARDED_AVAILABILITY = YES_AGGRESSIVE;
				CLANG_WARN_UNREACHABLE_CODE = YES;
				CLANG_WARN__DUPLICATE_METHOD_MATCH = YES;
				COPY_PHASE_STRIP = NO;
				CURRENT_PROJECT_VERSION = 1;
				DEBUG_INFORMATION_FORMAT = "dwarf-with-dsym";
				ENABLE_NS_ASSERTIONS = NO;
				ENABLE_STRICT_OBJC_MSGSEND = YES;
				GCC_C_LANGUAGE_STANDARD = gnu11;
				GCC_NO_COMMON_BLOCKS = YES;
				GCC_WARN_64_TO_32_BIT_CONVERSION = YES;
				GCC_WARN_ABOUT_RETURN_TYPE = YES_ERROR;
				GCC_WARN_UNDECLARED_SELECTOR = YES;
				GCC_WARN_UNINITIALIZED_AUTOS = YES_AGGRESSIVE;
				GCC_WARN_UNUSED_FUNCTION = YES;
				GCC_WARN_UNUSED_VARIABLE = YES;
				IPHONEOS_DEPLOYMENT_TARGET = 13.7;
				MTL_ENABLE_DEBUG_INFO = NO;
				MTL_FAST_MATH = YES;
				SDKROOT = iphoneos;
				SWIFT_COMPILATION_MODE = wholemodule;
				SWIFT_OPTIMIZATION_LEVEL = "-O";
				VALIDATE_PRODUCT = YES;
				VERSIONING_SYSTEM = "apple-generic";
				VERSION_INFO_PREFIX = "";
			};
			name = Release;
		};
		D47FD5A2253EFA580000D69E /* Debug */ = {
			isa = XCBuildConfiguration;
			buildSettings = {
				ASSETCATALOG_COMPILER_APPICON_NAME = AppIcon;
				CODE_SIGN_STYLE = Automatic;
				DEVELOPMENT_TEAM = 5FHURKJ96D;
				INFOPLIST_FILE = ESPBluefiSample/Info.plist;
				LD_RUNPATH_SEARCH_PATHS = (
					"$(inherited)",
					"@executable_path/Frameworks",
				);
				PRODUCT_BUNDLE_IDENTIFIER = com.tecpal.ESPBluefiSample;
				PRODUCT_NAME = "$(TARGET_NAME)";
				SWIFT_VERSION = 5.0;
				TARGETED_DEVICE_FAMILY = "1,2";
			};
			name = Debug;
		};
		D47FD5A3253EFA580000D69E /* Release */ = {
			isa = XCBuildConfiguration;
			buildSettings = {
				ASSETCATALOG_COMPILER_APPICON_NAME = AppIcon;
				CODE_SIGN_STYLE = Automatic;
				DEVELOPMENT_TEAM = 5FHURKJ96D;
				INFOPLIST_FILE = ESPBluefiSample/Info.plist;
				LD_RUNPATH_SEARCH_PATHS = (
					"$(inherited)",
					"@executable_path/Frameworks",
				);
				PRODUCT_BUNDLE_IDENTIFIER = com.tecpal.ESPBluefiSample;
				PRODUCT_NAME = "$(TARGET_NAME)";
				SWIFT_VERSION = 5.0;
				TARGETED_DEVICE_FAMILY = "1,2";
			};
			name = Release;
		};
		D47FD815253FC5280000D69E /* Debug */ = {
			isa = XCBuildConfiguration;
			buildSettings = {
				CODE_SIGN_STYLE = Automatic;
				DEFINES_MODULE = YES;
				DEVELOPMENT_TEAM = 5FHURKJ96D;
				DYLIB_COMPATIBILITY_VERSION = 1;
				DYLIB_CURRENT_VERSION = 1;
				DYLIB_INSTALL_NAME_BASE = "@rpath";
				FRAMEWORK_SEARCH_PATHS = "$(PROJECT_DIR)/ESPBluefi/BlufiLibrary/Security/openssl/**";
				HEADER_SEARCH_PATHS = "$(PROJECT_DIR)/ESPBluefi/BlufiLibrary/Security/openssl/**";
				INFOPLIST_FILE = ESPBluefi/Info.plist;
				INSTALL_PATH = "$(LOCAL_LIBRARY_DIR)/Frameworks";
				LD_RUNPATH_SEARCH_PATHS = (
					"$(inherited)",
					"@executable_path/Frameworks",
					"@loader_path/Frameworks",
				);
				LIBRARY_SEARCH_PATHS = (
					"$(inherited)",
					"$(PROJECT_DIR)/ESPBluefi/BlufiLibrary/Security/openssl/**",
				);
				PRODUCT_BUNDLE_IDENTIFIER = com.tecpal.ESPBluefi;
				PRODUCT_NAME = "$(TARGET_NAME:c99extidentifier)";
				SKIP_INSTALL = YES;
				TARGETED_DEVICE_FAMILY = "1,2";
			};
			name = Debug;
		};
		D47FD816253FC5280000D69E /* Release */ = {
			isa = XCBuildConfiguration;
			buildSettings = {
				CODE_SIGN_STYLE = Automatic;
				DEFINES_MODULE = YES;
				DEVELOPMENT_TEAM = 5FHURKJ96D;
				DYLIB_COMPATIBILITY_VERSION = 1;
				DYLIB_CURRENT_VERSION = 1;
				DYLIB_INSTALL_NAME_BASE = "@rpath";
				FRAMEWORK_SEARCH_PATHS = "$(PROJECT_DIR)/ESPBluefi/BlufiLibrary/Security/openssl/**";
				HEADER_SEARCH_PATHS = "$(PROJECT_DIR)/ESPBluefi/BlufiLibrary/Security/openssl/**";
				INFOPLIST_FILE = ESPBluefi/Info.plist;
				INSTALL_PATH = "$(LOCAL_LIBRARY_DIR)/Frameworks";
				LD_RUNPATH_SEARCH_PATHS = (
					"$(inherited)",
					"@executable_path/Frameworks",
					"@loader_path/Frameworks",
				);
				LIBRARY_SEARCH_PATHS = (
					"$(inherited)",
					"$(PROJECT_DIR)/ESPBluefi/BlufiLibrary/Security/openssl/**",
				);
				PRODUCT_BUNDLE_IDENTIFIER = com.tecpal.ESPBluefi;
				PRODUCT_NAME = "$(TARGET_NAME:c99extidentifier)";
				SKIP_INSTALL = YES;
				TARGETED_DEVICE_FAMILY = "1,2";
			};
			name = Release;
		};
/* End XCBuildConfiguration section */

/* Begin XCConfigurationList section */
		D47FD57C253EFA1F0000D69E /* Build configuration list for PBXProject "ESPBluefi" */ = {
			isa = XCConfigurationList;
			buildConfigurations = (
				D47FD588253EFA1F0000D69E /* Debug */,
				D47FD589253EFA1F0000D69E /* Release */,
			);
			defaultConfigurationIsVisible = 0;
			defaultConfigurationName = Release;
		};
		D47FD5A4253EFA580000D69E /* Build configuration list for PBXNativeTarget "ESPBluefiSample" */ = {
			isa = XCConfigurationList;
			buildConfigurations = (
				D47FD5A2253EFA580000D69E /* Debug */,
				D47FD5A3253EFA580000D69E /* Release */,
			);
			defaultConfigurationIsVisible = 0;
			defaultConfigurationName = Release;
		};
		D47FD817253FC5280000D69E /* Build configuration list for PBXNativeTarget "ESPBluefi" */ = {
			isa = XCConfigurationList;
			buildConfigurations = (
				D47FD815253FC5280000D69E /* Debug */,
				D47FD816253FC5280000D69E /* Release */,
			);
			defaultConfigurationIsVisible = 0;
			defaultConfigurationName = Release;
		};
/* End XCConfigurationList section */
	};
	rootObject = D47FD579253EFA1F0000D69E /* Project object */;
}
